go.osspkg.com/errors v0.3.1 h1:F9m/EEd/Ot2jba/TV7tvVRIpWXzIpNLc7vRJKcBD86A=
go.osspkg.com/errors v0.3.1/go.mod h1:dKXe6Rt07nzY7OyKQNZ8HGBicZ2uQ5TKEoVFnVFOK44=
golang.org/x/image v0.21.0 h1:c5qV36ajHpdj4Qi0GnE0jUc/yuo33OLFaa0d+crTD5s=
golang.org/x/image v0.21.0/go.mod h1:vUbsLavqK/W303ZroQQVKQ+Af3Yl6Uz1Ppu5J/cLz78=
